
Microsoft Visual Studio Solution File, Format Version 12.00
# Visual Studio 15
VisualStudioVersion = 15.0.28307.1321
MinimumVisualStudioVersion = 10.0.40219.1
Project("{FAE04EC0-301F-11D3-BF4B-00C04F79EFBC}") = "Ticari_Otomasyon", "Ticari_Otomasyon\Ticari_Otomasyon.csproj", "{865AF733-75F9-4375-B252-F942E0BCF93D}"
EndProject
Global
	GlobalSection(SolutionConfigurationPlatforms) = preSolution
		Debug|Any CPU = Debug|Any CPU
		Release|Any CPU = Release|Any CPU
	EndGlobalSection
	GlobalSection(ProjectConfigurationPlatforms) = postSolution
		{865AF733-75F9-4375-B252-F942E0BCF93D}.Debug|Any CPU.ActiveCfg = Debug|Any CPU
		{865AF733-75F9-4375-B252-F942E0BCF93D}.Debug|Any CPU.Build.0 = Debug|Any CPU
		{865AF733-75F9-4375-B252-F942E0BCF93D}.Release|Any CPU.ActiveCfg = Release|Any CPU
		{865AF733-75F9-4375-B252-F942E0BCF93D}.Release|Any CPU.Build.0 = Release|Any CPU
	EndGlobalSection
	GlobalSection(SolutionProperties) = preSolution
		HideSolutionNode = FALSE
	EndGlobalSection
	GlobalSection(ExtensibilityGlobals) = postSolution
		SolutionGuid = {94F8BF53-BD77-4B6B-8D81-3C15A94F747B}
	EndGlobalSection
EndGlobal
